
Microsoft Visual Studio Solution File, Format Version 12.00
# Visual Studio Version 17
VisualStudioVersion = 17.5.2.0
MinimumVisualStudioVersion = 10.0.40219.1
Project("{FAE04EC0-301F-11D3-BF4B-00C04F79EFBC}") = "MoodDiaryFierce", "MoodDiaryFierce.csproj", "{97542902-A5BB-22E8-763D-C39D003684F8}"
EndProject
Global
	GlobalSection(SolutionConfigurationPlatforms) = preSolution
		Debug|Any CPU = Debug|Any CPU
		Debug|x64 = Debug|x64
		Debug|x86 = Debug|x86
		Release|Any CPU = Release|Any CPU
		Release|x64 = Release|x64
		Release|x86 = Release|x86
	EndGlobalSection
	GlobalSection(ProjectConfigurationPlatforms) = postSolution
		{97542902-A5BB-22E8-763D-C39D003684F8}.Debug|Any CPU.ActiveCfg = Debug|Any CPU
		{97542902-A5BB-22E8-763D-C39D003684F8}.Debug|Any CPU.Build.0 = Debug|Any CPU
		{97542902-A5BB-22E8-763D-C39D003684F8}.Debug|x64.ActiveCfg = Debug|Any CPU
		{97542902-A5BB-22E8-763D-C39D003684F8}.Debug|x64.Build.0 = Debug|Any CPU
		{97542902-A5BB-22E8-763D-C39D003684F8}.Debug|x86.ActiveCfg = Debug|Any CPU
		{97542902-A5BB-22E8-763D-C39D003684F8}.Debug|x86.Build.0 = Debug|Any CPU
		{97542902-A5BB-22E8-763D-C39D003684F8}.Release|Any CPU.ActiveCfg = Release|Any CPU
		{97542902-A5BB-22E8-763D-C39D003684F8}.Release|Any CPU.Build.0 = Release|Any CPU
		{97542902-A5BB-22E8-763D-C39D003684F8}.Release|x64.ActiveCfg = Release|Any CPU
		{97542902-A5BB-22E8-763D-C39D003684F8}.Release|x64.Build.0 = Release|Any CPU
		{97542902-A5BB-22E8-763D-C39D003684F8}.Release|x86.ActiveCfg = Release|Any CPU
		{97542902-A5BB-22E8-763D-C39D003684F8}.Release|x86.Build.0 = Release|Any CPU
	EndGlobalSection
	GlobalSection(SolutionProperties) = preSolution
		HideSolutionNode = FALSE
	EndGlobalSection
	GlobalSection(ExtensibilityGlobals) = postSolution
		SolutionGuid = {10B9556B-5BD7-4309-9AD6-9F9F6EF98588}
	EndGlobalSection
EndGlobal
